<?xml version="1.0" encoding="utf-8"?>
<Project ToolsVersion="17.0" xmlns="http://schemas.microsoft.com/developer/msbuild/2003">
  <ItemGroup>
    <ClCompile Include="C:\Users\fanis\CLionProjects\AudioObjectManager\examples\redo_example_main.cpp">
      <Filter>Source Files</Filter>
    </ClCompile>
    <ClCompile Include="C:\Users\fanis\CLionProjects\AudioObjectManager\src\AudioObjectManager.cpp">
      <Filter>Source Files</Filter>
    </ClCompile>
    <ClCompile Include="C:\Users\fanis\CLionProjects\AudioObjectManager\src\AudioObject.cpp">
      <Filter>Source Files</Filter>
    </ClCompile>
  </ItemGroup>
  <ItemGroup>
    <ClInclude Include="C:\Users\fanis\CLionProjects\AudioObjectManager\include\AudioObject.h">
      <Filter>Header Files</Filter>
    </ClInclude>
    <ClInclude Include="C:\Users\fanis\CLionProjects\AudioObjectManager\include\AudioObjectManager.h">
      <Filter>Header Files</Filter>
    </ClInclude>
  </ItemGroup>
  <ItemGroup>
    <CustomBuild Include="C:\Users\fanis\CLionProjects\AudioObjectManager\CMakeLists.txt" />
  </ItemGroup>
  <ItemGroup>
    <Filter Include="Header Files">
      <UniqueIdentifier>{A758E987-8DE0-3CAC-A375-ED57A1E876E0}</UniqueIdentifier>
    </Filter>
    <Filter Include="Source Files">
      <UniqueIdentifier>{6219F43F-B2ED-3E5B-B6B1-A245D7272910}</UniqueIdentifier>
    </Filter>
  </ItemGroup>
</Project>
